
Microsoft Visual Studio Solution File, Format Version 12.00
Project("{FAE04EC0-301F-11D3-BF4B-00C04F79EFBC}") = "lihuowang2", "lihuowang2\lihuowang2.csproj", "{D6D885BD-3A02-4A04-A83A-FD9A87A73DC9}"
EndProject
Global
	GlobalSection(SolutionConfigurationPlatforms) = preSolution
		Debug|Any CPU = Debug|Any CPU
		ExportDebug|Any CPU = ExportDebug|Any CPU
		ExportRelease|Any CPU = ExportRelease|Any CPU
	EndGlobalSection
	GlobalSection(ProjectConfigurationPlatforms) = postSolution
		{D6D885BD-3A02-4A04-A83A-FD9A87A73DC9}.Debug|Any CPU.ActiveCfg = Debug|Any CPU
		{D6D885BD-3A02-4A04-A83A-FD9A87A73DC9}.Debug|Any CPU.Build.0 = Debug|Any CPU
		{D6D885BD-3A02-4A04-A83A-FD9A87A73DC9}.ExportDebug|Any CPU.ActiveCfg = ExportDebug|Any CPU
		{D6D885BD-3A02-4A04-A83A-FD9A87A73DC9}.ExportDebug|Any CPU.Build.0 = ExportDebug|Any CPU
		{D6D885BD-3A02-4A04-A83A-FD9A87A73DC9}.ExportRelease|Any CPU.ActiveCfg = ExportRelease|Any CPU
		{D6D885BD-3A02-4A04-A83A-FD9A87A73DC9}.ExportRelease|Any CPU.Build.0 = ExportRelease|Any CPU
	EndGlobalSection
EndGlobal
